{
  "name": "convert-lab",
  "version": "1.0.0",
  "lockfileVersion": 3,
  "requires": true,
  "packages": {
    "": {
      "name": "convert-lab",
      "version": "1.0.0",
      "license": "ISC",
      "dependencies": {
        "crypto-js": "^4.1.1",
        "underscore": "^1.13.6"
      },
      "devDependencies": {
        "eslint": "^8.47.0",
        "prettier": "^3.0.2"
      }
    }
  }
}